
Microsoft Visual Studio Solution File, Format Version 12.00
# Visual Studio Version 16
VisualStudioVersion = 25.0.1705.5
MinimumVisualStudioVersion = 10.0.40219.1
Project("{FAE04EC0-301F-11D3-BF4B-00C04F79EFBC}") = "Stocks", "Stocks\Stocks.csproj", "{C0DEA8C1-92B0-4825-A564-E367B3BD2685}"
EndProject
Global
	GlobalSection(SolutionConfigurationPlatforms) = preSolution
		Debug|Any CPU = Debug|Any CPU
		Release|Any CPU = Release|Any CPU
	EndGlobalSection
	GlobalSection(ProjectConfigurationPlatforms) = postSolution
		{C0DEA8C1-92B0-4825-A564-E367B3BD2685}.Debug|Any CPU.ActiveCfg = Debug|Any CPU
		{C0DEA8C1-92B0-4825-A564-E367B3BD2685}.Debug|Any CPU.Build.0 = Debug|Any CPU
		{C0DEA8C1-92B0-4825-A564-E367B3BD2685}.Release|Any CPU.ActiveCfg = Release|Any CPU
		{C0DEA8C1-92B0-4825-A564-E367B3BD2685}.Release|Any CPU.Build.0 = Release|Any CPU
	EndGlobalSection
	GlobalSection(SolutionProperties) = preSolution
		HideSolutionNode = FALSE
	EndGlobalSection
	GlobalSection(ExtensibilityGlobals) = postSolution
		SolutionGuid = {0F809CED-0EA5-4254-BE47-567D2EE06A10}
	EndGlobalSection
EndGlobal
